// !$*UTF8*$!
{
	archiveVersion = 1;
	classes = {
	};
	objectVersion = 50;
	objects = {

/* Begin PBXBuildFile section */
		CEA49DE6249D643100C42BE0 /* AppDelegate.swift in Sources */ = {isa = PBXBuildFile; fileRef = CEA49DE5249D643100C42BE0 /* AppDelegate.swift */; };
		CEA49DEA249D643100C42BE0 /* ViewController.swift in Sources */ = {isa = PBXBuildFile; fileRef = CEA49DE9249D643100C42BE0 /* ViewController.swift */; };
		CEA49DED249D643100C42BE0 /* Main.storyboard in Resources */ = {isa = PBXBuildFile; fileRef = CEA49DEB249D643100C42BE0 /* Main.storyboard */; };
		CEA49DEF249D643300C42BE0 /* Assets.xcassets in Resources */ = {isa = PBXBuildFile; fileRef = CEA49DEE249D643300C42BE0 /* Assets.xcassets */; };
		CEA49DF2249D643300C42BE0 /* LaunchScreen.storyboard in Resources */ = {isa = PBXBuildFile; fileRef = CEA49DF0249D643300C42BE0 /* LaunchScreen.storyboard */; };
		CEA49DFD249D81F000C42BE0 /* AppleSignInClient.swift in Sources */ = {isa = PBXBuildFile; fileRef = CEA49DFC249D81F000C42BE0 /* AppleSignInClient.swift */; };
/* End PBXBuildFile section */

/* Begin PBXFileReference section */
		CEA49DE2249D643100C42BE0 /* AppleSignIn.app */ = {isa = PBXFileReference; explicitFileType = wrapper.application; includeInIndex = 0; path = AppleSignIn.app; sourceTree = BUILT_PRODUCTS_DIR; };
		CEA49DE5249D643100C42BE0 /* AppDelegate.swift */ = {isa = PBXFileReference; lastKnownFileType = sourcecode.swift; path = AppDelegate.swift; sourceTree = "<group>"; };
		CEA49DE9249D643100C42BE0 /* ViewController.swift */ = {isa = PBXFileReference; lastKnownFileType = sourcecode.swift; path = ViewController.swift; sourceTree = "<group>"; };
		CEA49DEC249D643100C42BE0 /* Base */ = {isa = PBXFileReference; lastKnownFileType = file.storyboard; name = Base; path = Base.lproj/Main.storyboard; sourceTree = "<group>"; };
		CEA49DEE249D643300C42BE0 /* Assets.xcassets */ = {isa = PBXFileReference; lastKnownFileType = folder.assetcatalog; path = Assets.xcassets; sourceTree = "<group>"; };
		CEA49DF1249D643300C42BE0 /* Base */ = {isa = PBXFileReference; lastKnownFileType = file.storyboard; name = Base; path = Base.lproj/LaunchScreen.storyboard; sourceTree = "<group>"; };
		CEA49DF3249D643300C42BE0 /* Info.plist */ = {isa = PBXFileReference; lastKnownFileType = text.plist.xml; path = Info.plist; sourceTree = "<group>"; };
		CEA49DF9249D7E9C00C42BE0 /* AppleSignIn.entitlements */ = {isa = PBXFileReference; lastKnownFileType = text.plist.entitlements; path = AppleSignIn.entitlements; sourceTree = "<group>"; };
		CEA49DFC249D81F000C42BE0 /* AppleSignInClient.swift */ = {isa = PBXFileReference; lastKnownFileType = sourcecode.swift; path = AppleSignInClient.swift; sourceTree = "<group>"; };
/* End PBXFileReference section */

/* Begin PBXFrameworksBuildPhase section */
		CEA49DDF249D643100C42BE0 /* Frameworks */ = {
			isa = PBXFrameworksBuildPhase;
			buildActionMask = 2147483647;
			files = (
			);
			runOnlyForDeploymentPostprocessing = 0;
		};
/* End PBXFrameworksBuildPhase section */

/* Begin PBXGroup section */
		CEA49DD9249D643100C42BE0 = {
			isa = PBXGroup;
			children = (
				CEA49DE4249D643100C42BE0 /* AppleSignIn */,
				CEA49DE3249D643100C42BE0 /* Products */,
			);
			sourceTree = "<group>";
		};
		CEA49DE3249D643100C42BE0 /* Products */ = {
			isa = PBXGroup;
			children = (
				CEA49DE2249D643100C42BE0 /* AppleSignIn.app */,
			);
			name = Products;
			sourceTree = "<group>";
		};
		CEA49DE4249D643100C42BE0 /* AppleSignIn */ = {
			isa = PBXGroup;
			children = (
				CEA49DF9249D7E9C00C42BE0 /* AppleSignIn.entitlements */,
				CEA49DE5249D643100C42BE0 /* AppDelegate.swift */,
				CEA49DE9249D643100C42BE0 /* ViewController.swift */,
				CEA49DEB249D643100C42BE0 /* Main.storyboard */,
				CEA49DEE249D643300C42BE0 /* Assets.xcassets */,
				CEA49DF0249D643300C42BE0 /* LaunchScreen.storyboard */,
				CEA49DF3249D643300C42BE0 /* Info.plist */,
				CEA49DFC249D81F000C42BE0 /* AppleSignInClient.swift */,
			);
			path = AppleSignIn;
			sourceTree = "<group>";
		};
/* End PBXGroup section */

/* Begin PBXNativeTarget section */
		CEA49DE1249D643100C42BE0 /* AppleSignIn */ = {
			isa = PBXNativeTarget;
			buildConfigurationList = CEA49DF6249D643300C42BE0 /* Build configuration list for PBXNativeTarget "AppleSignIn" */;
			buildPhases = (
				CEA49DDE249D643100C42BE0 /* Sources */,
				CEA49DDF249D643100C42BE0 /* Frameworks */,
				CEA49DE0249D643100C42BE0 /* Resources */,
			);
			buildRules = (
			);
			dependencies = (
			);
			name = AppleSignIn;
			productName = AppleSignIn;
			productReference = CEA49DE2249D643100C42BE0 /* AppleSignIn.app */;
			productType = "com.apple.product-type.application";
		};
/* End PBXNativeTarget section */

/* Begin PBXProject section */
		CEA49DDA249D643100C42BE0 /* Project object */ = {
			isa = PBXProject;
			attributes = {
				LastSwiftUpdateCheck = 1150;
				LastUpgradeCheck = 1150;
				ORGANIZATIONNAME = "Timothy Peraza";
				TargetAttributes = {
					CEA49DE1249D643100C42BE0 = {
						CreatedOnToolsVersion = 11.5;
					};
				};
			};
			buildConfigurationList = CEA49DDD249D643100C42BE0 /* Build configuration list for PBXProject "AppleSignIn" */;
			compatibilityVersion = "Xcode 9.3";
			developmentRegion = en;
			hasScannedForEncodings = 0;
			knownRegions = (
				en,
				Base,
			);
			mainGroup = CEA49DD9249D643100C42BE0;
			productRefGroup = CEA49DE3249D643100C42BE0 /* Products */;
			projectDirPath = "";
			projectRoot = "";
			targets = (
				CEA49DE1249D643100C42BE0 /* AppleSignIn */,
			);
		};
/* End PBXProject section */

/* Begin PBXResourcesBuildPhase section */
		CEA49DE0249D643100C42BE0 /* Resources */ = {
			isa = PBXResourcesBuildPhase;
			buildActionMask = 2147483647;
			files = (
				CEA49DF2249D643300C42BE0 /* LaunchScreen.storyboard in Resources */,
				CEA49DEF249D643300C42BE0 /* Assets.xcassets in Resources */,
				CEA49DED249D643100C42BE0 /* Main.storyboard in Resources */,
			);
			runOnlyForDeploymentPostprocessing = 0;
		};
/* End PBXResourcesBuildPhase section */

/* Begin PBXSourcesBuildPhase section */
		CEA49DDE249D643100C42BE0 /* Sources */ = {
			isa = PBXSourcesBuildPhase;
			buildActionMask = 2147483647;
			files = (
				CEA49DEA249D643100C42BE0 /* ViewController.swift in Sources */,
				CEA49DE6249D643100C42BE0 /* AppDelegate.swift in Sources */,
				CEA49DFD249D81F000C42BE0 /* AppleSignInClient.swift in Sources */,
			);
			runOnlyForDeploymentPostprocessing = 0;
		};
/* End PBXSourcesBuildPhase section */

/* Begin PBXVariantGroup section */
		CEA49DEB249D643100C42BE0 /* Main.storyboard */ = {
			isa = PBXVariantGroup;
			children = (
				CEA49DEC249D643100C42BE0 /* Base */,
			);
			name = Main.storyboard;
			sourceTree = "<group>";
		};
		CEA49DF0249D643300C42BE0 /* LaunchScreen.storyboard */ = {
			isa = PBXVariantGroup;
			children = (
				CEA49DF1249D643300C42BE0 /* Base */,
			);
			name = LaunchScreen.storyboard;
			sourceTree = "<group>";
		};
/* End PBXVariantGroup section */

/* Begin XCBuildConfiguration section */
		CEA49DF4249D643300C42BE0 /* Debug */ = {
			isa = XCBuildConfiguration;
			buildSettings = {
				ALWAYS_SEARCH_USER_PATHS = NO;
				CLANG_ANALYZER_NONNULL = YES;
				CLANG_ANALYZER_NUMBER_OBJECT_CONVERSION = YES_AGGRESSIVE;
				CLANG_CXX_LANGUAGE_STANDARD = "gnu++14";
				CLANG_CXX_LIBRARY = "libc++";
				CLANG_ENABLE_MODULES = YES;
				CLANG_ENABLE_OBJC_ARC = YES;
				CLANG_ENABLE_OBJC_WEAK = YES;
				CLANG_WARN_BLOCK_CAPTURE_AUTORELEASING = YES;
				CLANG_WARN_BOOL_CONVERSION = YES;
				CLANG_WARN_COMMA = YES;
				CLANG_WARN_CONSTANT_CONVERSION = YES;
				CLANG_WARN_DEPRECATED_OBJC_IMPLEMENTATIONS = YES;
				CLANG_WARN_DIRECT_OBJC_ISA_USAGE = YES_ERROR;
				CLANG_WARN_DOCUMENTATION_COMMENTS = YES;
				CLANG_WARN_EMPTY_BODY = YES;
				CLANG_WARN_ENUM_CONVERSION = YES;
				CLANG_WARN_INFINITE_RECURSION = YES;
				CLANG_WARN_INT_CONVERSION = YES;
				CLANG_WARN_NON_LITERAL_NULL_CONVERSION = YES;
				CLANG_WARN_OBJC_IMPLICIT_RETAIN_SELF = YES;
				CLANG_WARN_OBJC_LITERAL_CONVERSION = YES;
				CLANG_WARN_OBJC_ROOT_CLASS = YES_ERROR;
				CLANG_WARN_RANGE_LOOP_ANALYSIS = YES;
				CLANG_WARN_STRICT_PROTOTYPES = YES;
				CLANG_WARN_SUSPICIOUS_MOVE = YES;
				CLANG_WARN_UNGUARDED_AVAILABILITY = YES_AGGRESSIVE;
				CLANG_WARN_UNREACHABLE_CODE = YES;
				CLANG_WARN__DUPLICATE_METHOD_MATCH = YES;
				COPY_PHASE_STRIP = NO;
				DEBUG_INFORMATION_FORMAT = dwarf;
				ENABLE_STRICT_OBJC_MSGSEND = YES;
				ENABLE_TESTABILITY = YES;
				GCC_C_LANGUAGE_STANDARD = gnu11;
				GCC_DYNAMIC_NO_PIC = NO;
				GCC_NO_COMMON_BLOCKS = YES;
				GCC_OPTIMIZATION_LEVEL = 0;
				GCC_PREPROCESSOR_DEFINITIONS = (
					"DEBUG=1",
					"$(inherited)",
				);
				GCC_WARN_64_TO_32_BIT_CONVERSION = YES;
				GCC_WARN_ABOUT_RETURN_TYPE = YES_ERROR;
				GCC_WARN_UNDECLARED_SELECTOR = YES;
				GCC_WARN_UNINITIALIZED_AUTOS = YES_AGGRESSIVE;
				GCC_WARN_UNUSED_FUNCTION = YES;
				GCC_WARN_UNUSED_VARIABLE = YES;
				IPHONEOS_DEPLOYMENT_TARGET = 13.5;
				MTL_ENABLE_DEBUG_INFO = INCLUDE_SOURCE;
				MTL_FAST_MATH = YES;
				ONLY_ACTIVE_ARCH = YES;
				SDKROOT = iphoneos;
				SWIFT_ACTIVE_COMPILATION_CONDITIONS = DEBUG;
				SWIFT_OPTIMIZATION_LEVEL = "-Onone";
			};
			name = Debug;
		};
		CEA49DF5249D643300C42BE0 /* Release */ = {
			isa = XCBuildConfiguration;
			buildSettings = {
				ALWAYS_SEARCH_USER_PATHS = NO;
				CLANG_ANALYZER_NONNULL = YES;
				CLANG_ANALYZER_NUMBER_OBJECT_CONVERSION = YES_AGGRESSIVE;
				CLANG_CXX_LANGUAGE_STANDARD = "gnu++14";
				CLANG_CXX_LIBRARY = "libc++";
				CLANG_ENABLE_MODULES = YES;
				CLANG_ENABLE_OBJC_ARC = YES;
				CLANG_ENABLE_OBJC_WEAK = YES;
				CLANG_WARN_BLOCK_CAPTURE_AUTORELEASING = YES;
				CLANG_WARN_BOOL_CONVERSION = YES;
				CLANG_WARN_COMMA = YES;
				CLANG_WARN_CONSTANT_CONVERSION = YES;
				CLANG_WARN_DEPRECATED_OBJC_IMPLEMENTATIONS = YES;
				CLANG_WARN_DIRECT_OBJC_ISA_USAGE = YES_ERROR;
				CLANG_WARN_DOCUMENTATION_COMMENTS = YES;
				CLANG_WARN_EMPTY_BODY = YES;
				CLANG_WARN_ENUM_CONVERSION = YES;
				CLANG_WARN_INFINITE_RECURSION = YES;
				CLANG_WARN_INT_CONVERSION = YES;
				CLANG_WARN_NON_LITERAL_NULL_CONVERSION = YES;
				CLANG_WARN_OBJC_IMPLICIT_RETAIN_SELF = YES;
				CLANG_WARN_OBJC_LITERAL_CONVERSION = YES;
				CLANG_WARN_OBJC_ROOT_CLASS = YES_ERROR;
				CLANG_WARN_RANGE_LOOP_ANALYSIS = YES;
				CLANG_WARN_STRICT_PROTOTYPES = YES;
				CLANG_WARN_SUSPICIOUS_MOVE = YES;
				CLANG_WARN_UNGUARDED_AVAILABILITY = YES_AGGRESSIVE;
				CLANG_WARN_UNREACHABLE_CODE = YES;
				CLANG_WARN__DUPLICATE_METHOD_MATCH = YES;
				COPY_PHASE_STRIP = NO;
				DEBUG_INFORMATION_FORMAT = "dwarf-with-dsym";
				ENABLE_NS_ASSERTIONS = NO;
				ENABLE_STRICT_OBJC_MSGSEND = YES;
				GCC_C_LANGUAGE_STANDARD = gnu11;
				GCC_NO_COMMON_BLOCKS = YES;
				GCC_WARN_64_TO_32_BIT_CONVERSION = YES;
				GCC_WARN_ABOUT_RETURN_TYPE = YES_ERROR;
				GCC_WARN_UNDECLARED_SELECTOR = YES;
				GCC_WARN_UNINITIALIZED_AUTOS = YES_AGGRESSIVE;
				GCC_WARN_UNUSED_FUNCTION = YES;
				GCC_WARN_UNUSED_VARIABLE = YES;
				IPHONEOS_DEPLOYMENT_TARGET = 13.5;
				MTL_ENABLE_DEBUG_INFO = NO;
				MTL_FAST_MATH = YES;
				SDKROOT = iphoneos;
				SWIFT_COMPILATION_MODE = wholemodule;
				SWIFT_OPTIMIZATION_LEVEL = "-O";
				VALIDATE_PRODUCT = YES;
			};
			name = Release;
		};
		CEA49DF7249D643300C42BE0 /* Debug */ = {
			isa = XCBuildConfiguration;
			buildSettings = {
				ASSETCATALOG_COMPILER_APPICON_NAME = AppIcon;
				CODE_SIGN_ENTITLEMENTS = AppleSignIn/AppleSignIn.entitlements;
				CODE_SIGN_IDENTITY = "Apple Development";
				CODE_SIGN_STYLE = Automatic;
				DEVELOPMENT_TEAM = WNU857N39T;
				INFOPLIST_FILE = AppleSignIn/Info.plist;
				IPHONEOS_DEPLOYMENT_TARGET = 13.5;
				LD_RUNPATH_SEARCH_PATHS = (
					"$(inherited)",
					"@executable_path/Frameworks",
				);
				PRODUCT_BUNDLE_IDENTIFIER = com.rootstrap.appleAuthDemo;
				PRODUCT_NAME = "$(TARGET_NAME)";
				PROVISIONING_PROFILE_SPECIFIER = "";
				SWIFT_VERSION = 5.0;
				TARGETED_DEVICE_FAMILY = 1;
			};
			name = Debug;
		};
		CEA49DF8249D643300C42BE0 /* Release */ = {
			isa = XCBuildConfiguration;
			buildSettings = {
				ASSETCATALOG_COMPILER_APPICON_NAME = AppIcon;
				CODE_SIGN_ENTITLEMENTS = AppleSignIn/AppleSignIn.entitlements;
				CODE_SIGN_IDENTITY = "Apple Development";
				CODE_SIGN_STYLE = Automatic;
				DEVELOPMENT_TEAM = WNU857N39T;
				INFOPLIST_FILE = AppleSignIn/Info.plist;
				IPHONEOS_DEPLOYMENT_TARGET = 13.5;
				LD_RUNPATH_SEARCH_PATHS = (
					"$(inherited)",
					"@executable_path/Frameworks",
				);
				PRODUCT_BUNDLE_IDENTIFIER = com.rootstrap.appleAuthDemo;
				PRODUCT_NAME = "$(TARGET_NAME)";
				PROVISIONING_PROFILE_SPECIFIER = "";
				SWIFT_VERSION = 5.0;
				TARGETED_DEVICE_FAMILY = 1;
			};
			name = Release;
		};
/* End XCBuildConfiguration section */

/* Begin XCConfigurationList section */
		CEA49DDD249D643100C42BE0 /* Build configuration list for PBXProject "AppleSignIn" */ = {
			isa = XCConfigurationList;
			buildConfigurations = (
				CEA49DF4249D643300C42BE0 /* Debug */,
				CEA49DF5249D643300C42BE0 /* Release */,
			);
			defaultConfigurationIsVisible = 0;
			defaultConfigurationName = Release;
		};
		CEA49DF6249D643300C42BE0 /* Build configuration list for PBXNativeTarget "AppleSignIn" */ = {
			isa = XCConfigurationList;
			buildConfigurations = (
				CEA49DF7249D643300C42BE0 /* Debug */,
				CEA49DF8249D643300C42BE0 /* Release */,
			);
			defaultConfigurationIsVisible = 0;
			defaultConfigurationName = Release;
		};
/* End XCConfigurationList section */
	};
	rootObject = CEA49DDA249D643100C42BE0 /* Project object */;
}
